// !$*UTF8*$!
{
	archiveVersion = 1;
	classes = {
	};
	objectVersion = 77;
	objects = {

/* Begin PBXContainerItemProxy section */
		4E3AE0612F308DDD0093A906 /* PBXContainerItemProxy */ = {
			isa = PBXContainerItemProxy;
			containerPortal = 4E3AE04B2F308DDB0093A906 /* Project object */;
			proxyType = 1;
			remoteGlobalIDString = 4E3AE0522F308DDB0093A906;
			remoteInfo = TidyDock;
		};
		4E3AE06B2F308DDD0093A906 /* PBXContainerItemProxy */ = {
			isa = PBXContainerItemProxy;
			containerPortal = 4E3AE04B2F308DDB0093A906 /* Project object */;
			proxyType = 1;
			remoteGlobalIDString = 4E3AE0522F308DDB0093A906;
			remoteInfo = TidyDock;
		};
/* End PBXContainerItemProxy section */

/* Begin PBXFileReference section */
		4E3AE0532F308DDB0093A906 /* TidyDock.app */ = {isa = PBXFileReference; explicitFileType = wrapper.application; includeInIndex = 0; path = TidyDock.app; sourceTree = BUILT_PRODUCTS_DIR; };
		4E3AE0602F308DDD0093A906 /* TidyDockTests.xctest */ = {isa = PBXFileReference; explicitFileType = wrapper.cfbundle; includeInIndex = 0; path = TidyDockTests.xctest; sourceTree = BUILT_PRODUCTS_DIR; };
		4E3AE06A2F308DDD0093A906 /* TidyDockUITests.xctest */ = {isa = PBXFileReference; explicitFileType = wrapper.cfbundle; includeInIndex = 0; path = TidyDockUITests.xctest; sourceTree = BUILT_PRODUCTS_DIR; };
/* End PBXFileReference section */

/* Begin PBXFileSystemSynchronizedRootGroup section */
		4E3AE0552F308DDB0093A906 /* TidyDock */ = {
			isa = PBXFileSystemSynchronizedRootGroup;
			path = TidyDock;
			sourceTree = "<group>";
		};
		4E3AE0632F308DDD0093A906 /* TidyDockTests */ = {
			isa = PBXFileSystemSynchronizedRootGroup;
			path = TidyDockTests;
			sourceTree = "<group>";
		};
		4E3AE06D2F308DDD0093A906 /* TidyDockUITests */ = {
			isa = PBXFileSystemSynchronizedRootGroup;
			path = TidyDockUITests;
			sourceTree = "<group>";
		};
/* End PBXFileSystemSynchronizedRootGroup section */

/* Begin PBXFrameworksBuildPhase section */
		4E3AE0502F308DDB0093A906 /* Frameworks */ = {
			isa = PBXFrameworksBuildPhase;
			buildActionMask = 2147483647;
			files = (
			);
			runOnlyForDeploymentPostprocessing = 0;
		};
		4E3AE05D2F308DDD0093A906 /* Frameworks */ = {
			isa = PBXFrameworksBuildPhase;
			buildActionMask = 2147483647;
			files = (
			);
			runOnlyForDeploymentPostprocessing = 0;
		};
		4E3AE0672F308DDD0093A906 /* Frameworks */ = {
			isa = PBXFrameworksBuildPhase;
			buildActionMask = 2147483647;
			files = (
			);
			runOnlyForDeploymentPostprocessing = 0;
		};
/* End PBXFrameworksBuildPhase section */

/* Begin PBXGroup section */
		4E3AE04A2F308DDB0093A906 = {
			isa = PBXGroup;
			children = (
				4E3AE0552F308DDB0093A906 /* TidyDock */,
				4E3AE0632F308DDD0093A906 /* TidyDockTests */,
				4E3AE06D2F308DDD0093A906 /* TidyDockUITests */,
				4E3AE0542F308DDB0093A906 /* Products */,
			);
			sourceTree = "<group>";
		};
		4E3AE0542F308DDB0093A906 /* Products */ = {
			isa = PBXGroup;
			children = (
				4E3AE0532F308DDB0093A906 /* TidyDock.app */,
				4E3AE0602F308DDD0093A906 /* TidyDockTests.xctest */,
				4E3AE06A2F308DDD0093A906 /* TidyDockUITests.xctest */,
			);
			name = Products;
			sourceTree = "<group>";
		};
/* End PBXGroup section */

/* Begin PBXNativeTarget section */
		4E3AE0522F308DDB0093A906 /* TidyDock */ = {
			isa = PBXNativeTarget;
			buildConfigurationList = 4E3AE0742F308DDD0093A906 /* Build configuration list for PBXNativeTarget "TidyDock" */;
			buildPhases = (
				4E3AE04F2F308DDB0093A906 /* Sources */,
				4E3AE0502F308DDB0093A906 /* Frameworks */,
				4E3AE0512F308DDB0093A906 /* Resources */,
			);
			buildRules = (
			);
			dependencies = (
			);
			fileSystemSynchronizedGroups = (
				4E3AE0552F308DDB0093A906 /* TidyDock */,
			);
			name = TidyDock;
			packageProductDependencies = (
			);
			productName = TidyDock;
			productReference = 4E3AE0532F308DDB0093A906 /* TidyDock.app */;
			productType = "com.apple.product-type.application";
		};
		4E3AE05F2F308DDD0093A906 /* TidyDockTests */ = {
			isa = PBXNativeTarget;
			buildConfigurationList = 4E3AE0772F308DDD0093A906 /* Build configuration list for PBXNativeTarget "TidyDockTests" */;
			buildPhases = (
				4E3AE05C2F308DDD0093A906 /* Sources */,
				4E3AE05D2F308DDD0093A906 /* Frameworks */,
				4E3AE05E2F308DDD0093A906 /* Resources */,
			);
			buildRules = (
			);
			dependencies = (
				4E3AE0622F308DDD0093A906 /* PBXTargetDependency */,
			);
			fileSystemSynchronizedGroups = (
				4E3AE0632F308DDD0093A906 /* TidyDockTests */,
			);
			name = TidyDockTests;
			packageProductDependencies = (
			);
			productName = TidyDockTests;
			productReference = 4E3AE0602F308DDD0093A906 /* TidyDockTests.xctest */;
			productType = "com.apple.product-type.bundle.unit-test";
		};
		4E3AE0692F308DDD0093A906 /* TidyDockUITests */ = {
			isa = PBXNativeTarget;
			buildConfigurationList = 4E3AE07A2F308DDD0093A906 /* Build configuration list for PBXNativeTarget "TidyDockUITests" */;
			buildPhases = (
				4E3AE0662F308DDD0093A906 /* Sources */,
				4E3AE0672F308DDD0093A906 /* Frameworks */,
				4E3AE0682F308DDD0093A906 /* Resources */,
			);
			buildRules = (
			);
			dependencies = (
				4E3AE06C2F308DDD0093A906 /* PBXTargetDependency */,
			);
			fileSystemSynchronizedGroups = (
				4E3AE06D2F308DDD0093A906 /* TidyDockUITests */,
			);
			name = TidyDockUITests;
			packageProductDependencies = (
			);
			productName = TidyDockUITests;
			productReference = 4E3AE06A2F308DDD0093A906 /* TidyDockUITests.xctest */;
			productType = "com.apple.product-type.bundle.ui-testing";
		};
/* End PBXNativeTarget section */

/* Begin PBXProject section */
		4E3AE04B2F308DDB0093A906 /* Project object */ = {
			isa = PBXProject;
			attributes = {
				BuildIndependentTargetsInParallel = 1;
				LastSwiftUpdateCheck = 2620;
				LastUpgradeCheck = 2620;
				TargetAttributes = {
					4E3AE0522F308DDB0093A906 = {
						CreatedOnToolsVersion = 26.2;
					};
					4E3AE05F2F308DDD0093A906 = {
						CreatedOnToolsVersion = 26.2;
						TestTargetID = 4E3AE0522F308DDB0093A906;
					};
					4E3AE0692F308DDD0093A906 = {
						CreatedOnToolsVersion = 26.2;
						TestTargetID = 4E3AE0522F308DDB0093A906;
					};
				};
			};
			buildConfigurationList = 4E3AE04E2F308DDB0093A906 /* Build configuration list for PBXProject "TidyDock" */;
			developmentRegion = en;
			hasScannedForEncodings = 0;
			knownRegions = (
				en,
				Base,
			);
			mainGroup = 4E3AE04A2F308DDB0093A906;
			minimizedProjectReferenceProxies = 1;
			preferredProjectObjectVersion = 77;
			productRefGroup = 4E3AE0542F308DDB0093A906 /* Products */;
			projectDirPath = "";
			projectRoot = "";
			targets = (
				4E3AE0522F308DDB0093A906 /* TidyDock */,
				4E3AE05F2F308DDD0093A906 /* TidyDockTests */,
				4E3AE0692F308DDD0093A906 /* TidyDockUITests */,
			);
		};
/* End PBXProject section */

/* Begin PBXResourcesBuildPhase section */
		4E3AE0512F308DDB0093A906 /* Resources */ = {
			isa = PBXResourcesBuildPhase;
			buildActionMask = 2147483647;
			files = (
			);
			runOnlyForDeploymentPostprocessing = 0;
		};
		4E3AE05E2F308DDD0093A906 /* Resources */ = {
			isa = PBXResourcesBuildPhase;
			buildActionMask = 2147483647;
			files = (
			);
			runOnlyForDeploymentPostprocessing = 0;
		};
		4E3AE0682F308DDD0093A906 /* Resources */ = {
			isa = PBXResourcesBuildPhase;
			buildActionMask = 2147483647;
			files = (
			);
			runOnlyForDeploymentPostprocessing = 0;
		};
/* End PBXResourcesBuildPhase section */

/* Begin PBXSourcesBuildPhase section */
		4E3AE04F2F308DDB0093A906 /* Sources */ = {
			isa = PBXSourcesBuildPhase;
			buildActionMask = 2147483647;
			files = (
			);
			runOnlyForDeploymentPostprocessing = 0;
		};
		4E3AE05C2F308DDD0093A906 /* Sources */ = {
			isa = PBXSourcesBuildPhase;
			buildActionMask = 2147483647;
			files = (
			);
			runOnlyForDeploymentPostprocessing = 0;
		};
		4E3AE0662F308DDD0093A906 /* Sources */ = {
			isa = PBXSourcesBuildPhase;
			buildActionMask = 2147483647;
			files = (
			);
			runOnlyForDeploymentPostprocessing = 0;
		};
/* End PBXSourcesBuildPhase section */

/* Begin PBXTargetDependency section */
		4E3AE0622F308DDD0093A906 /* PBXTargetDependency */ = {
			isa = PBXTargetDependency;
			target = 4E3AE0522F308DDB0093A906 /* TidyDock */;
			targetProxy = 4E3AE0612F308DDD0093A906 /* PBXContainerItemProxy */;
		};
		4E3AE06C2F308DDD0093A906 /* PBXTargetDependency */ = {
			isa = PBXTargetDependency;
			target = 4E3AE0522F308DDB0093A906 /* TidyDock */;
			targetProxy = 4E3AE06B2F308DDD0093A906 /* PBXContainerItemProxy */;
		};
/* End PBXTargetDependency section */

/* Begin XCBuildConfiguration section */
		4E3AE0722F308DDD0093A906 /* Debug */ = {
			isa = XCBuildConfiguration;
			buildSettings = {
				ALWAYS_SEARCH_USER_PATHS = NO;
				ASSETCATALOG_COMPILER_GENERATE_SWIFT_ASSET_SYMBOL_EXTENSIONS = YES;
				CLANG_ANALYZER_NONNULL = YES;
				CLANG_ANALYZER_NUMBER_OBJECT_CONVERSION = YES_AGGRESSIVE;
				CLANG_CXX_LANGUAGE_STANDARD = "gnu++20";
				CLANG_ENABLE_MODULES = YES;
				CLANG_ENABLE_OBJC_ARC = YES;
				CLANG_ENABLE_OBJC_WEAK = YES;
				CLANG_WARN_BLOCK_CAPTURE_AUTORELEASING = YES;
				CLANG_WARN_BOOL_CONVERSION = YES;
				CLANG_WARN_COMMA = YES;
				CLANG_WARN_CONSTANT_CONVERSION = YES;
				CLANG_WARN_DEPRECATED_OBJC_IMPLEMENTATIONS = YES;
				CLANG_WARN_DIRECT_OBJC_ISA_USAGE = YES_ERROR;
				CLANG_WARN_DOCUMENTATION_COMMENTS = YES;
				CLANG_WARN_EMPTY_BODY = YES;
				CLANG_WARN_ENUM_CONVERSION = YES;
				CLANG_WARN_INFINITE_RECURSION = YES;
				CLANG_WARN_INT_CONVERSION = YES;
				CLANG_WARN_NON_LITERAL_NULL_CONVERSION = YES;
				CLANG_WARN_OBJC_IMPLICIT_RETAIN_SELF = YES;
				CLANG_WARN_OBJC_LITERAL_CONVERSION = YES;
				CLANG_WARN_OBJC_ROOT_CLASS = YES_ERROR;
				CLANG_WARN_QUOTED_INCLUDE_IN_FRAMEWORK_HEADER = YES;
				CLANG_WARN_RANGE_LOOP_ANALYSIS = YES;
				CLANG_WARN_STRICT_PROTOTYPES = YES;
				CLANG_WARN_SUSPICIOUS_MOVE = YES;
				CLANG_WARN_UNGUARDED_AVAILABILITY = YES_AGGRESSIVE;
				CLANG_WARN_UNREACHABLE_CODE = YES;
				CLANG_WARN__DUPLICATE_METHOD_MATCH = YES;
				COPY_PHASE_STRIP = NO;
				DEBUG_INFORMATION_FORMAT = dwarf;
				ENABLE_STRICT_OBJC_MSGSEND = YES;
				ENABLE_TESTABILITY = YES;
				ENABLE_USER_SCRIPT_SANDBOXING = YES;
				GCC_C_LANGUAGE_STANDARD = gnu17;
				GCC_DYNAMIC_NO_PIC = NO;
				GCC_NO_COMMON_BLOCKS = YES;
				GCC_OPTIMIZATION_LEVEL = 0;
				GCC_PREPROCESSOR_DEFINITIONS = (
					"DEBUG=1",
					"$(inherited)",
				);
				GCC_WARN_64_TO_32_BIT_CONVERSION = YES;
				GCC_WARN_ABOUT_RETURN_TYPE = YES_ERROR;
				GCC_WARN_UNDECLARED_SELECTOR = YES;
				GCC_WARN_UNINITIALIZED_AUTOS = YES_AGGRESSIVE;
				GCC_WARN_UNUSED_FUNCTION = YES;
				GCC_WARN_UNUSED_VARIABLE = YES;
				LOCALIZATION_PREFERS_STRING_CATALOGS = YES;
				MACOSX_DEPLOYMENT_TARGET = 26.2;
				MTL_ENABLE_DEBUG_INFO = INCLUDE_SOURCE;
				MTL_FAST_MATH = YES;
				ONLY_ACTIVE_ARCH = YES;
				SDKROOT = macosx;
				SWIFT_ACTIVE_COMPILATION_CONDITIONS = "DEBUG $(inherited)";
				SWIFT_OPTIMIZATION_LEVEL = "-Onone";
			};
			name = Debug;
		};
		4E3AE0732F308DDD0093A906 /* Release */ = {
			isa = XCBuildConfiguration;
			buildSettings = {
				ALWAYS_SEARCH_USER_PATHS = NO;
				ASSETCATALOG_COMPILER_GENERATE_SWIFT_ASSET_SYMBOL_EXTENSIONS = YES;
				CLANG_ANALYZER_NONNULL = YES;
				CLANG_ANALYZER_NUMBER_OBJECT_CONVERSION = YES_AGGRESSIVE;
				CLANG_CXX_LANGUAGE_STANDARD = "gnu++20";
				CLANG_ENABLE_MODULES = YES;
				CLANG_ENABLE_OBJC_ARC = YES;
				CLANG_ENABLE_OBJC_WEAK = YES;
				CLANG_WARN_BLOCK_CAPTURE_AUTORELEASING = YES;
				CLANG_WARN_BOOL_CONVERSION = YES;
				CLANG_WARN_COMMA = YES;
				CLANG_WARN_CONSTANT_CONVERSION = YES;
				CLANG_WARN_DEPRECATED_OBJC_IMPLEMENTATIONS = YES;
				CLANG_WARN_DIRECT_OBJC_ISA_USAGE = YES_ERROR;
				CLANG_WARN_DOCUMENTATION_COMMENTS = YES;
				CLANG_WARN_EMPTY_BODY = YES;
				CLANG_WARN_ENUM_CONVERSION = YES;
				CLANG_WARN_INFINITE_RECURSION = YES;
				CLANG_WARN_INT_CONVERSION = YES;
				CLANG_WARN_NON_LITERAL_NULL_CONVERSION = YES;
				CLANG_WARN_OBJC_IMPLICIT_RETAIN_SELF = YES;
				CLANG_WARN_OBJC_LITERAL_CONVERSION = YES;
				CLANG_WARN_OBJC_ROOT_CLASS = YES_ERROR;
				CLANG_WARN_QUOTED_INCLUDE_IN_FRAMEWORK_HEADER = YES;
				CLANG_WARN_RANGE_LOOP_ANALYSIS = YES;
				CLANG_WARN_STRICT_PROTOTYPES = YES;
				CLANG_WARN_SUSPICIOUS_MOVE = YES;
				CLANG_WARN_UNGUARDED_AVAILABILITY = YES_AGGRESSIVE;
				CLANG_WARN_UNREACHABLE_CODE = YES;
				CLANG_WARN__DUPLICATE_METHOD_MATCH = YES;
				COPY_PHASE_STRIP = NO;
				DEBUG_INFORMATION_FORMAT = "dwarf-with-dsym";
				ENABLE_NS_ASSERTIONS = NO;
				ENABLE_STRICT_OBJC_MSGSEND = YES;
				ENABLE_USER_SCRIPT_SANDBOXING = YES;
				GCC_C_LANGUAGE_STANDARD = gnu17;
				GCC_NO_COMMON_BLOCKS = YES;
				GCC_WARN_64_TO_32_BIT_CONVERSION = YES;
				GCC_WARN_ABOUT_RETURN_TYPE = YES_ERROR;
				GCC_WARN_UNDECLARED_SELECTOR = YES;
				GCC_WARN_UNINITIALIZED_AUTOS = YES_AGGRESSIVE;
				GCC_WARN_UNUSED_FUNCTION = YES;
				GCC_WARN_UNUSED_VARIABLE = YES;
				LOCALIZATION_PREFERS_STRING_CATALOGS = YES;
				MACOSX_DEPLOYMENT_TARGET = 26.2;
				MTL_ENABLE_DEBUG_INFO = NO;
				MTL_FAST_MATH = YES;
				SDKROOT = macosx;
				SWIFT_COMPILATION_MODE = wholemodule;
			};
			name = Release;
		};
		4E3AE0752F308DDD0093A906 /* Debug */ = {
			isa = XCBuildConfiguration;
			buildSettings = {
				ASSETCATALOG_COMPILER_APPICON_NAME = AppIcon;
				ASSETCATALOG_COMPILER_GLOBAL_ACCENT_COLOR_NAME = AccentColor;
				CODE_SIGN_STYLE = Automatic;
				COMBINE_HIDPI_IMAGES = YES;
				CURRENT_PROJECT_VERSION = 1;
				ENABLE_APP_SANDBOX = YES;
				ENABLE_PREVIEWS = YES;
				ENABLE_USER_SELECTED_FILES = readonly;
				GENERATE_INFOPLIST_FILE = YES;
				INFOPLIST_KEY_NSHumanReadableCopyright = "";
				LD_RUNPATH_SEARCH_PATHS = (
					"$(inherited)",
					"@executable_path/../Frameworks",
				);
				MARKETING_VERSION = 1.0;
				PRODUCT_BUNDLE_IDENTIFIER = chan.TidyDock;
				PRODUCT_NAME = "$(TARGET_NAME)";
				REGISTER_APP_GROUPS = YES;
				STRING_CATALOG_GENERATE_SYMBOLS = YES;
				SWIFT_APPROACHABLE_CONCURRENCY = YES;
				SWIFT_DEFAULT_ACTOR_ISOLATION = MainActor;
				SWIFT_EMIT_LOC_STRINGS = YES;
				SWIFT_UPCOMING_FEATURE_MEMBER_IMPORT_VISIBILITY = YES;
				SWIFT_VERSION = 5.0;
			};
			name = Debug;
		};
		4E3AE0762F308DDD0093A906 /* Release */ = {
			isa = XCBuildConfiguration;
			buildSettings = {
				ASSETCATALOG_COMPILER_APPICON_NAME = AppIcon;
				ASSETCATALOG_COMPILER_GLOBAL_ACCENT_COLOR_NAME = AccentColor;
				CODE_SIGN_STYLE = Automatic;
				COMBINE_HIDPI_IMAGES = YES;
				CURRENT_PROJECT_VERSION = 1;
				ENABLE_APP_SANDBOX = YES;
				ENABLE_PREVIEWS = YES;
				ENABLE_USER_SELECTED_FILES = readonly;
				GENERATE_INFOPLIST_FILE = YES;
				INFOPLIST_KEY_NSHumanReadableCopyright = "";
				LD_RUNPATH_SEARCH_PATHS = (
					"$(inherited)",
					"@executable_path/../Frameworks",
				);
				MARKETING_VERSION = 1.0;
				PRODUCT_BUNDLE_IDENTIFIER = chan.TidyDock;
				PRODUCT_NAME = "$(TARGET_NAME)";
				REGISTER_APP_GROUPS = YES;
				STRING_CATALOG_GENERATE_SYMBOLS = YES;
				SWIFT_APPROACHABLE_CONCURRENCY = YES;
				SWIFT_DEFAULT_ACTOR_ISOLATION = MainActor;
				SWIFT_EMIT_LOC_STRINGS = YES;
				SWIFT_UPCOMING_FEATURE_MEMBER_IMPORT_VISIBILITY = YES;
				SWIFT_VERSION = 5.0;
			};
			name = Release;
		};
		4E3AE0782F308DDD0093A906 /* Debug */ = {
			isa = XCBuildConfiguration;
			buildSettings = {
				BUNDLE_LOADER = "$(TEST_HOST)";
				CODE_SIGN_STYLE = Automatic;
				CURRENT_PROJECT_VERSION = 1;
				GENERATE_INFOPLIST_FILE = YES;
				MACOSX_DEPLOYMENT_TARGET = 26.2;
				MARKETING_VERSION = 1.0;
				PRODUCT_BUNDLE_IDENTIFIER = chan.TidyDockTests;
				PRODUCT_NAME = "$(TARGET_NAME)";
				STRING_CATALOG_GENERATE_SYMBOLS = NO;
				SWIFT_APPROACHABLE_CONCURRENCY = YES;
				SWIFT_EMIT_LOC_STRINGS = NO;
				SWIFT_UPCOMING_FEATURE_MEMBER_IMPORT_VISIBILITY = YES;
				SWIFT_VERSION = 5.0;
				TEST_HOST = "$(BUILT_PRODUCTS_DIR)/TidyDock.app/$(BUNDLE_EXECUTABLE_FOLDER_PATH)/TidyDock";
			};
			name = Debug;
		};
		4E3AE0792F308DDD0093A906 /* Release */ = {
			isa = XCBuildConfiguration;
			buildSettings = {
				BUNDLE_LOADER = "$(TEST_HOST)";
				CODE_SIGN_STYLE = Automatic;
				CURRENT_PROJECT_VERSION = 1;
				GENERATE_INFOPLIST_FILE = YES;
				MACOSX_DEPLOYMENT_TARGET = 26.2;
				MARKETING_VERSION = 1.0;
				PRODUCT_BUNDLE_IDENTIFIER = chan.TidyDockTests;
				PRODUCT_NAME = "$(TARGET_NAME)";
				STRING_CATALOG_GENERATE_SYMBOLS = NO;
				SWIFT_APPROACHABLE_CONCURRENCY = YES;
				SWIFT_EMIT_LOC_STRINGS = NO;
				SWIFT_UPCOMING_FEATURE_MEMBER_IMPORT_VISIBILITY = YES;
				SWIFT_VERSION = 5.0;
				TEST_HOST = "$(BUILT_PRODUCTS_DIR)/TidyDock.app/$(BUNDLE_EXECUTABLE_FOLDER_PATH)/TidyDock";
			};
			name = Release;
		};
		4E3AE07B2F308DDD0093A906 /* Debug */ = {
			isa = XCBuildConfiguration;
			buildSettings = {
				CODE_SIGN_STYLE = Automatic;
				CURRENT_PROJECT_VERSION = 1;
				GENERATE_INFOPLIST_FILE = YES;
				MARKETING_VERSION = 1.0;
				PRODUCT_BUNDLE_IDENTIFIER = chan.TidyDockUITests;
				PRODUCT_NAME = "$(TARGET_NAME)";
				STRING_CATALOG_GENERATE_SYMBOLS = NO;
				SWIFT_APPROACHABLE_CONCURRENCY = YES;
				SWIFT_EMIT_LOC_STRINGS = NO;
				SWIFT_UPCOMING_FEATURE_MEMBER_IMPORT_VISIBILITY = YES;
				SWIFT_VERSION = 5.0;
				TEST_TARGET_NAME = TidyDock;
			};
			name = Debug;
		};
		4E3AE07C2F308DDD0093A906 /* Release */ = {
			isa = XCBuildConfiguration;
			buildSettings = {
				CODE_SIGN_STYLE = Automatic;
				CURRENT_PROJECT_VERSION = 1;
				GENERATE_INFOPLIST_FILE = YES;
				MARKETING_VERSION = 1.0;
				PRODUCT_BUNDLE_IDENTIFIER = chan.TidyDockUITests;
				PRODUCT_NAME = "$(TARGET_NAME)";
				STRING_CATALOG_GENERATE_SYMBOLS = NO;
				SWIFT_APPROACHABLE_CONCURRENCY = YES;
				SWIFT_EMIT_LOC_STRINGS = NO;
				SWIFT_UPCOMING_FEATURE_MEMBER_IMPORT_VISIBILITY = YES;
				SWIFT_VERSION = 5.0;
				TEST_TARGET_NAME = TidyDock;
			};
			name = Release;
		};
/* End XCBuildConfiguration section */

/* Begin XCConfigurationList section */
		4E3AE04E2F308DDB0093A906 /* Build configuration list for PBXProject "TidyDock" */ = {
			isa = XCConfigurationList;
			buildConfigurations = (
				4E3AE0722F308DDD0093A906 /* Debug */,
				4E3AE0732F308DDD0093A906 /* Release */,
			);
			defaultConfigurationIsVisible = 0;
			defaultConfigurationName = Release;
		};
		4E3AE0742F308DDD0093A906 /* Build configuration list for PBXNativeTarget "TidyDock" */ = {
			isa = XCConfigurationList;
			buildConfigurations = (
				4E3AE0752F308DDD0093A906 /* Debug */,
				4E3AE0762F308DDD0093A906 /* Release */,
			);
			defaultConfigurationIsVisible = 0;
			defaultConfigurationName = Release;
		};
		4E3AE0772F308DDD0093A906 /* Build configuration list for PBXNativeTarget "TidyDockTests" */ = {
			isa = XCConfigurationList;
			buildConfigurations = (
				4E3AE0782F308DDD0093A906 /* Debug */,
				4E3AE0792F308DDD0093A906 /* Release */,
			);
			defaultConfigurationIsVisible = 0;
			defaultConfigurationName = Release;
		};
		4E3AE07A2F308DDD0093A906 /* Build configuration list for PBXNativeTarget "TidyDockUITests" */ = {
			isa = XCConfigurationList;
			buildConfigurations = (
				4E3AE07B2F308DDD0093A906 /* Debug */,
				4E3AE07C2F308DDD0093A906 /* Release */,
			);
			defaultConfigurationIsVisible = 0;
			defaultConfigurationName = Release;
		};
/* End XCConfigurationList section */
	};
	rootObject = 4E3AE04B2F308DDB0093A906 /* Project object */;
}
